
Microsoft Visual Studio Solution File, Format Version 12.00
# Visual Studio 15
VisualStudioVersion = 15.0.28010.2026
MinimumVisualStudioVersion = 10.0.40219.1
Project("{FAE04EC0-301F-11D3-BF4B-00C04F79EFBC}") = "LKS2.0", "LKS2.0\LKS2.0.csproj", "{08AA3BA1-64AF-446E-8BD1-9B96BC751F3C}"
EndProject
Global
	GlobalSection(SolutionConfigurationPlatforms) = preSolution
		Debug|Any CPU = Debug|Any CPU
		Release|Any CPU = Release|Any CPU
	EndGlobalSection
	GlobalSection(ProjectConfigurationPlatforms) = postSolution
		{08AA3BA1-64AF-446E-8BD1-9B96BC751F3C}.Debug|Any CPU.ActiveCfg = Debug|Any CPU
		{08AA3BA1-64AF-446E-8BD1-9B96BC751F3C}.Debug|Any CPU.Build.0 = Debug|Any CPU
		{08AA3BA1-64AF-446E-8BD1-9B96BC751F3C}.Release|Any CPU.ActiveCfg = Release|Any CPU
		{08AA3BA1-64AF-446E-8BD1-9B96BC751F3C}.Release|Any CPU.Build.0 = Release|Any CPU
	EndGlobalSection
	GlobalSection(SolutionProperties) = preSolution
		HideSolutionNode = FALSE
	EndGlobalSection
	GlobalSection(ExtensibilityGlobals) = postSolution
		SolutionGuid = {3FA02C4C-D78C-49ED-9139-B7B1348DA209}
	EndGlobalSection
EndGlobal
